// !$*UTF8*$!
{
	archiveVersion = 1;
	classes = {
	};
	objectVersion = 46;
	objects = {

/* Begin PBXBuildFile section */
		3B13B02819502F94005EE14B /* DPGoalsTableViewController.m in Sources */ = {isa = PBXBuildFile; fileRef = 3B13B02719502F94005EE14B /* DPGoalsTableViewController.m */; };
		3B13B02B195035A9005EE14B /* GoalSettingViewController.m in Sources */ = {isa = PBXBuildFile; fileRef = 3B13B02A195035A9005EE14B /* GoalSettingViewController.m */; };
		3B13B03A1950B99B005EE14B /* GoalTableViewCell.xib in Resources */ = {isa = PBXBuildFile; fileRef = 3B13B0391950B99B005EE14B /* GoalTableViewCell.xib */; };
		3B13B03D1950B9FD005EE14B /* GoalTableViewCell.m in Sources */ = {isa = PBXBuildFile; fileRef = 3B13B03C1950B9FD005EE14B /* GoalTableViewCell.m */; };
		3B19B00E194DF1DB00D4807F /* DietPlan+Helper.m in Sources */ = {isa = PBXBuildFile; fileRef = 3B19B00D194DF1DB00D4807F /* DietPlan+Helper.m */; };
		3B36FF9D1952415000CFA225 /* DailyScheduleView.xib in Resources */ = {isa = PBXBuildFile; fileRef = 3B36FF9C1952415000CFA225 /* DailyScheduleView.xib */; };
		3B36FF9F1952425000CFA225 /* close-button.png in Resources */ = {isa = PBXBuildFile; fileRef = 3B36FF9E1952425000CFA225 /* close-button.png */; };
		3B36FFA3195244CF00CFA225 /* DailyScheduleView.m in Sources */ = {isa = PBXBuildFile; fileRef = 3B36FFA2195244CF00CFA225 /* DailyScheduleView.m */; };
		3B376B711954DA38005D213F /* GoalProgressTableViewCell.xib in Resources */ = {isa = PBXBuildFile; fileRef = 3B376B701954DA38005D213F /* GoalProgressTableViewCell.xib */; };
		3B376B741954DB4B005D213F /* GoalProgressTableViewCell.m in Sources */ = {isa = PBXBuildFile; fileRef = 3B376B731954DB4B005D213F /* GoalProgressTableViewCell.m */; };
		3B488D92194E3CCC0030FCC2 /* DIetPlanTableViewController.m in Sources */ = {isa = PBXBuildFile; fileRef = 3B488D91194E3CCC0030FCC2 /* DIetPlanTableViewController.m */; };
		3B4C07F519350B8200066EF5 /* QuartzCore.framework in Frameworks */ = {isa = PBXBuildFile; fileRef = 3B4C07F419350B8200066EF5 /* QuartzCore.framework */; };
		3B4C0855193512BE00066EF5 /* Accelerate.framework in Frameworks */ = {isa = PBXBuildFile; fileRef = 3B4C0854193512BE00066EF5 /* Accelerate.framework */; };
		3B4FAAD7193F7D3F0059D9C8 /* ALAlertBanner.m in Sources */ = {isa = PBXBuildFile; fileRef = 3B4FAACB193F7D3F0059D9C8 /* ALAlertBanner.m */; };
		3B4FAAD8193F7D3F0059D9C8 /* ALAlertBannerManager.m in Sources */ = {isa = PBXBuildFile; fileRef = 3B4FAACD193F7D3F0059D9C8 /* ALAlertBannerManager.m */; };
		3B4FAAD9193F7D3F0059D9C8 /* bannerAlert.png in Resources */ = {isa = PBXBuildFile; fileRef = 3B4FAACF193F7D3F0059D9C8 /* bannerAlert.png */; };
		3B4FAADA193F7D3F0059D9C8 /* bannerAlert@2x.png in Resources */ = {isa = PBXBuildFile; fileRef = 3B4FAAD0193F7D3F0059D9C8 /* bannerAlert@2x.png */; };
		3B4FAADB193F7D3F0059D9C8 /* bannerFailure.png in Resources */ = {isa = PBXBuildFile; fileRef = 3B4FAAD1193F7D3F0059D9C8 /* bannerFailure.png */; };
		3B4FAADC193F7D3F0059D9C8 /* bannerFailure@2x.png in Resources */ = {isa = PBXBuildFile; fileRef = 3B4FAAD2193F7D3F0059D9C8 /* bannerFailure@2x.png */; };
		3B4FAADD193F7D3F0059D9C8 /* bannerNotify.png in Resources */ = {isa = PBXBuildFile; fileRef = 3B4FAAD3193F7D3F0059D9C8 /* bannerNotify.png */; };
		3B4FAADE193F7D3F0059D9C8 /* bannerNotify@2x.png in Resources */ = {isa = PBXBuildFile; fileRef = 3B4FAAD4193F7D3F0059D9C8 /* bannerNotify@2x.png */; };
		3B4FAADF193F7D3F0059D9C8 /* bannerSuccess.png in Resources */ = {isa = PBXBuildFile; fileRef = 3B4FAAD5193F7D3F0059D9C8 /* bannerSuccess.png */; };
		3B4FAAE0193F7D3F0059D9C8 /* bannerSuccess@2x.png in Resources */ = {isa = PBXBuildFile; fileRef = 3B4FAAD6193F7D3F0059D9C8 /* bannerSuccess@2x.png */; };
		3B5AFB4F1940C682007F6A3C /* BodyStatTableViewCell2.0.xib in Resources */ = {isa = PBXBuildFile; fileRef = 3B5AFB4E1940C682007F6A3C /* BodyStatTableViewCell2.0.xib */; };
		3B5AFB511940FF65007F6A3C /* DietPlanDayTableViewCell.xib in Resources */ = {isa = PBXBuildFile; fileRef = 3B5AFB501940FF65007F6A3C /* DietPlanDayTableViewCell.xib */; };
		3B5AFB54194218D1007F6A3C /* NSDate+Utilities.m in Sources */ = {isa = PBXBuildFile; fileRef = 3B5AFB53194218D1007F6A3C /* NSDate+Utilities.m */; };
		3B6942081930C99F00FC4431 /* Foundation.framework in Frameworks */ = {isa = PBXBuildFile; fileRef = 3B6942071930C99F00FC4431 /* Foundation.framework */; };
		3B69420A1930C99F00FC4431 /* CoreGraphics.framework in Frameworks */ = {isa = PBXBuildFile; fileRef = 3B6942091930C99F00FC4431 /* CoreGraphics.framework */; };
		3B69420C1930C99F00FC4431 /* UIKit.framework in Frameworks */ = {isa = PBXBuildFile; fileRef = 3B69420B1930C99F00FC4431 /* UIKit.framework */; };
		3B69420E1930C99F00FC4431 /* CoreData.framework in Frameworks */ = {isa = PBXBuildFile; fileRef = 3B69420D1930C99F00FC4431 /* CoreData.framework */; };
		3B6942141930C99F00FC4431 /* InfoPlist.strings in Resources */ = {isa = PBXBuildFile; fileRef = 3B6942121930C99F00FC4431 /* InfoPlist.strings */; };
		3B6942161930C99F00FC4431 /* main.m in Sources */ = {isa = PBXBuildFile; fileRef = 3B6942151930C99F00FC4431 /* main.m */; };
		3B69421A1930C99F00FC4431 /* AppDelegate.m in Sources */ = {isa = PBXBuildFile; fileRef = 3B6942191930C99F00FC4431 /* AppDelegate.m */; };
		3B69421D1930C99F00FC4431 /* GymRegime.xcdatamodeld in Sources */ = {isa = PBXBuildFile; fileRef = 3B69421B1930C99F00FC4431 /* GymRegime.xcdatamodeld */; };
		3B6942261930C99F00FC4431 /* XCTest.framework in Frameworks */ = {isa = PBXBuildFile; fileRef = 3B6942251930C99F00FC4431 /* XCTest.framework */; };
		3B6942271930C99F00FC4431 /* Foundation.framework in Frameworks */ = {isa = PBXBuildFile; fileRef = 3B6942071930C99F00FC4431 /* Foundation.framework */; };
		3B6942281930C99F00FC4431 /* UIKit.framework in Frameworks */ = {isa = PBXBuildFile; fileRef = 3B69420B1930C99F00FC4431 /* UIKit.framework */; };
		3B6942291930C99F00FC4431 /* CoreData.framework in Frameworks */ = {isa = PBXBuildFile; fileRef = 3B69420D1930C99F00FC4431 /* CoreData.framework */; };
		3B6942311930C99F00FC4431 /* InfoPlist.strings in Resources */ = {isa = PBXBuildFile; fileRef = 3B69422F1930C99F00FC4431 /* InfoPlist.strings */; };
		3B6942331930C99F00FC4431 /* GymRegimeTests.m in Sources */ = {isa = PBXBuildFile; fileRef = 3B6942321930C99F00FC4431 /* GymRegimeTests.m */; };
		3B69423D1930C9CB00FC4431 /* main.storyboard in Resources */ = {isa = PBXBuildFile; fileRef = 3B69423C1930C9CB00FC4431 /* main.storyboard */; };
		3B6942401930CD8800FC4431 /* CoreViewController.m in Sources */ = {isa = PBXBuildFile; fileRef = 3B69423F1930CD8800FC4431 /* CoreViewController.m */; };
		3B6942461930CDA800FC4431 /* BodyStatTableViewController.m in Sources */ = {isa = PBXBuildFile; fileRef = 3B6942451930CDA800FC4431 /* BodyStatTableViewController.m */; };
		3B78508B195C69EC00005AD9 /* BodyStat.m in Sources */ = {isa = PBXBuildFile; fileRef = 3B78508A195C69EC00005AD9 /* BodyStat.m */; };
		3B78508E195C69ED00005AD9 /* DietGoal.m in Sources */ = {isa = PBXBuildFile; fileRef = 3B78508D195C69ED00005AD9 /* DietGoal.m */; };
		3B785091195C69ED00005AD9 /* DietPlan.m in Sources */ = {isa = PBXBuildFile; fileRef = 3B785090195C69ED00005AD9 /* DietPlan.m */; };
		3B785094195C69ED00005AD9 /* DietPlanDay.m in Sources */ = {isa = PBXBuildFile; fileRef = 3B785093195C69ED00005AD9 /* DietPlanDay.m */; };
		3B785096195C6FEC00005AD9 /* measuringTape.png in Resources */ = {isa = PBXBuildFile; fileRef = 3B785095195C6FEC00005AD9 /* measuringTape.png */; };
		3B785099195C85B000005AD9 /* DLPieChart.m in Sources */ = {isa = PBXBuildFile; fileRef = 3B785098195C85B000005AD9 /* DLPieChart.m */; };
		3B78509B195CA08B00005AD9 /* Images.xcassets in Resources */ = {isa = PBXBuildFile; fileRef = 3B78509A195CA08B00005AD9 /* Images.xcassets */; };
		3B7C0710193B0BBE0008DE46 /* DietPlanDayViewController.m in Sources */ = {isa = PBXBuildFile; fileRef = 3B7C070F193B0BBE0008DE46 /* DietPlanDayViewController.m */; };
		3B7C0720193B34D50008DE46 /* DietPlanDayTableViewCell.m in Sources */ = {isa = PBXBuildFile; fileRef = 3B7C071F193B34D50008DE46 /* DietPlanDayTableViewCell.m */; };
		3B7C0724193C7AF50008DE46 /* DietPlanDaysTableViewController.m in Sources */ = {isa = PBXBuildFile; fileRef = 3B7C0723193C7AF50008DE46 /* DietPlanDaysTableViewController.m */; };
		3B7F033319557ABA0065003A /* GoalProgressViewController.m in Sources */ = {isa = PBXBuildFile; fileRef = 3B7F033219557ABA0065003A /* GoalProgressViewController.m */; };
		3B7F033E195620D10065003A /* BSInputMainTabBarController.m in Sources */ = {isa = PBXBuildFile; fileRef = 3B7F033B195620D10065003A /* BSInputMainTabBarController.m */; };
		3B7F033F195620D10065003A /* MHTabBarSegue.m in Sources */ = {isa = PBXBuildFile; fileRef = 3B7F033D195620D10065003A /* MHTabBarSegue.m */; };
		3B7F03771956DF240065003A /* BSInputMainViewController.m in Sources */ = {isa = PBXBuildFile; fileRef = 3B7F03761956DF240065003A /* BSInputMainViewController.m */; };
		3B7F037D1956DF3B0065003A /* BSInputMacroViewController.m in Sources */ = {isa = PBXBuildFile; fileRef = 3B7F037C1956DF3B0065003A /* BSInputMacroViewController.m */; };
		3B953EF9194AF2E600803D32 /* MainSettingsTableViewController.m in Sources */ = {isa = PBXBuildFile; fileRef = 3B953EF8194AF2E600803D32 /* MainSettingsTableViewController.m */; };
		3B953F03194C8DD000803D32 /* GoalColorScheme.m in Sources */ = {isa = PBXBuildFile; fileRef = 3B953F02194C8DD000803D32 /* GoalColorScheme.m */; };
		3B953F1F194D07F900803D32 /* PNBar.m in Sources */ = {isa = PBXBuildFile; fileRef = 3B953F07194D07F900803D32 /* PNBar.m */; };
		3B953F20194D07F900803D32 /* PNBarChart.m in Sources */ = {isa = PBXBuildFile; fileRef = 3B953F09194D07F900803D32 /* PNBarChart.m */; };
		3B953F21194D07F900803D32 /* PNChartLabel.m in Sources */ = {isa = PBXBuildFile; fileRef = 3B953F0D194D07F900803D32 /* PNChartLabel.m */; };
		3B953F22194D07F900803D32 /* PNCircleChart.m in Sources */ = {isa = PBXBuildFile; fileRef = 3B953F10194D07F900803D32 /* PNCircleChart.m */; };
		3B953F23194D07F900803D32 /* PNColor.m in Sources */ = {isa = PBXBuildFile; fileRef = 3B953F12194D07F900803D32 /* PNColor.m */; };
		3B953F24194D07F900803D32 /* PNLineChart.m in Sources */ = {isa = PBXBuildFile; fileRef = 3B953F15194D07F900803D32 /* PNLineChart.m */; };
		3B953F25194D07F900803D32 /* PNLineChartData.m in Sources */ = {isa = PBXBuildFile; fileRef = 3B953F17194D07F900803D32 /* PNLineChartData.m */; };
		3B953F26194D07F900803D32 /* PNLineChartDataItem.m in Sources */ = {isa = PBXBuildFile; fileRef = 3B953F19194D07F900803D32 /* PNLineChartDataItem.m */; };
		3B953F27194D07F900803D32 /* PNPieChart.m in Sources */ = {isa = PBXBuildFile; fileRef = 3B953F1C194D07F900803D32 /* PNPieChart.m */; };
		3B953F28194D07F900803D32 /* PNPieChartDataItem.m in Sources */ = {isa = PBXBuildFile; fileRef = 3B953F1E194D07F900803D32 /* PNPieChartDataItem.m */; };
		3B953F2B194D0AC300803D32 /* UICountingLabel.m in Sources */ = {isa = PBXBuildFile; fileRef = 3B953F2A194D0AC300803D32 /* UICountingLabel.m */; };
		3B9A42361930E72600B9A2B5 /* CoreTableViewController.m in Sources */ = {isa = PBXBuildFile; fileRef = 3B9A42351930E72600B9A2B5 /* CoreTableViewController.m */; };
		3B9ABBEF194E0B8F002F6EFF /* DietPlannerMenuTableViewController.m in Sources */ = {isa = PBXBuildFile; fileRef = 3B9ABBEE194E0B8F002F6EFF /* DietPlannerMenuTableViewController.m */; };
		3BA58B63193637270012DE95 /* BSWeeklyChangesTableViewController.m in Sources */ = {isa = PBXBuildFile; fileRef = 3BA58B62193637270012DE95 /* BSWeeklyChangesTableViewController.m */; };
		3BA58B6A193719E70012DE95 /* BSEditViewController.m in Sources */ = {isa = PBXBuildFile; fileRef = 3BA58B69193719E70012DE95 /* BSEditViewController.m */; };
		3BA58B6D19377C010012DE95 /* BodyStatTableViewCell.m in Sources */ = {isa = PBXBuildFile; fileRef = 3BA58B6C19377C010012DE95 /* BodyStatTableViewCell.m */; };
		3BA58B7219377E3B0012DE95 /* BodyStatTableViewCell.xib in Resources */ = {isa = PBXBuildFile; fileRef = 3BA58B7119377E3B0012DE95 /* BodyStatTableViewCell.xib */; };
		3BA58B77193797390012DE95 /* ProgressPhotoViewController.m in Sources */ = {isa = PBXBuildFile; fileRef = 3BA58B76193797390012DE95 /* ProgressPhotoViewController.m */; };
		3BABCB7A19327CB600465719 /* BSStatisticsTableViewController.m in Sources */ = {isa = PBXBuildFile; fileRef = 3BABCB7919327CB600465719 /* BSStatisticsTableViewController.m */; };
		3BABCB7D19327CEE00465719 /* CalorieCalculator.m in Sources */ = {isa = PBXBuildFile; fileRef = 3BABCB7C19327CEE00465719 /* CalorieCalculator.m */; };
		3BBB30AE19519B7E00B880CC /* DietGoal+Helper.m in Sources */ = {isa = PBXBuildFile; fileRef = 3BBB30AD19519B7E00B880CC /* DietGoal+Helper.m */; };
		3BBB30BD1951A06900B880CC /* BodyStat+Helper.m in Sources */ = {isa = PBXBuildFile; fileRef = 3BBB30BC1951A06900B880CC /* BodyStat+Helper.m */; };
		3BC4F9E61943A80200BCEBF8 /* CoreDataHelper.m in Sources */ = {isa = PBXBuildFile; fileRef = 3BC4F9E51943A80200BCEBF8 /* CoreDataHelper.m */; };
		3BDEA4901956E6A300594CEE /* BSInputMeasurementTableViewController.m in Sources */ = {isa = PBXBuildFile; fileRef = 3BDEA48F1956E6A300594CEE /* BSInputMeasurementTableViewController.m */; };
		3BDEA499195713B500594CEE /* BSInputMeasurementContainerViewController.m in Sources */ = {isa = PBXBuildFile; fileRef = 3BDEA498195713B500594CEE /* BSInputMeasurementContainerViewController.m */; };
		3BEBDFE41933515A0013C66C /* BSProfileViewController.m in Sources */ = {isa = PBXBuildFile; fileRef = 3BEBDFE31933515A0013C66C /* BSProfileViewController.m */; };
		3BFB1C2319449C2E0066AAEB /* CalorieSettingsTableViewController.m in Sources */ = {isa = PBXBuildFile; fileRef = 3BFB1C2219449C2E0066AAEB /* CalorieSettingsTableViewController.m */; };
/* End PBXBuildFile section */

/* Begin PBXContainerItemProxy section */
		3B69422A1930C99F00FC4431 /* PBXContainerItemProxy */ = {
			isa = PBXContainerItemProxy;
			containerPortal = 3B6941FC1930C99F00FC4431 /* Project object */;
			proxyType = 1;
			remoteGlobalIDString = 3B6942031930C99F00FC4431;
			remoteInfo = GymRegime;
		};
/* End PBXContainerItemProxy section */

/* Begin PBXFileReference section */
		3B13B02619502F94005EE14B /* DPGoalsTableViewController.h */ = {isa = PBXFileReference; fileEncoding = 4; lastKnownFileType = sourcecode.c.h; path = DPGoalsTableViewController.h; sourceTree = "<group>"; };
		3B13B02719502F94005EE14B /* DPGoalsTableViewController.m */ = {isa = PBXFileReference; fileEncoding = 4; lastKnownFileType = sourcecode.c.objc; path = DPGoalsTableViewController.m; sourceTree = "<group>"; };
		3B13B029195035A9005EE14B /* GoalSettingViewController.h */ = {isa = PBXFileReference; fileEncoding = 4; lastKnownFileType = sourcecode.c.h; path = GoalSettingViewController.h; sourceTree = "<group>"; };
		3B13B02A195035A9005EE14B /* GoalSettingViewController.m */ = {isa = PBXFileReference; fileEncoding = 4; lastKnownFileType = sourcecode.c.objc; path = GoalSettingViewController.m; sourceTree = "<group>"; };
		3B13B0391950B99B005EE14B /* GoalTableViewCell.xib */ = {isa = PBXFileReference; fileEncoding = 4; lastKnownFileType = file.xib; path = GoalTableViewCell.xib; sourceTree = "<group>"; };
		3B13B03B1950B9FD005EE14B /* GoalTableViewCell.h */ = {isa = PBXFileReference; fileEncoding = 4; lastKnownFileType = sourcecode.c.h; path = GoalTableViewCell.h; sourceTree = "<group>"; };
		3B13B03C1950B9FD005EE14B /* GoalTableViewCell.m */ = {isa = PBXFileReference; fileEncoding = 4; lastKnownFileType = sourcecode.c.objc; path = GoalTableViewCell.m; sourceTree = "<group>"; };
		3B19B00C194DF1DB00D4807F /* DietPlan+Helper.h */ = {isa = PBXFileReference; fileEncoding = 4; lastKnownFileType = sourcecode.c.h; name = "DietPlan+Helper.h"; path = "../DietPlan+Helper.h"; sourceTree = "<group>"; };
		3B19B00D194DF1DB00D4807F /* DietPlan+Helper.m */ = {isa = PBXFileReference; fileEncoding = 4; lastKnownFileType = sourcecode.c.objc; name = "DietPlan+Helper.m"; path = "../DietPlan+Helper.m"; sourceTree = "<group>"; };
		3B36FF9C1952415000CFA225 /* DailyScheduleView.xib */ = {isa = PBXFileReference; fileEncoding = 4; lastKnownFileType = file.xib; path = DailyScheduleView.xib; sourceTree = "<group>"; };
		3B36FF9E1952425000CFA225 /* close-button.png */ = {isa = PBXFileReference; lastKnownFileType = image.png; path = "close-button.png"; sourceTree = "<group>"; };
		3B36FFA1195244CF00CFA225 /* DailyScheduleView.h */ = {isa = PBXFileReference; fileEncoding = 4; lastKnownFileType = sourcecode.c.h; path = DailyScheduleView.h; sourceTree = "<group>"; };
		3B36FFA2195244CF00CFA225 /* DailyScheduleView.m */ = {isa = PBXFileReference; fileEncoding = 4; lastKnownFileType = sourcecode.c.objc; path = DailyScheduleView.m; sourceTree = "<group>"; };
		3B376B701954DA38005D213F /* GoalProgressTableViewCell.xib */ = {isa = PBXFileReference; fileEncoding = 4; lastKnownFileType = file.xib; name = GoalProgressTableViewCell.xib; path = ../GoalProgressTableViewCell.xib; sourceTree = "<group>"; };
		3B376B721954DB4B005D213F /* GoalProgressTableViewCell.h */ = {isa = PBXFileReference; fileEncoding = 4; lastKnownFileType = sourcecode.c.h; path = GoalProgressTableViewCell.h; sourceTree = "<group>"; };
		3B376B731954DB4B005D213F /* GoalProgressTableViewCell.m */ = {isa = PBXFileReference; fileEncoding = 4; lastKnownFileType = sourcecode.c.objc; path = GoalProgressTableViewCell.m; sourceTree = "<group>"; };
		3B488D90194E3CCC0030FCC2 /* DIetPlanTableViewController.h */ = {isa = PBXFileReference; fileEncoding = 4; lastKnownFileType = sourcecode.c.h; path = DIetPlanTableViewController.h; sourceTree = "<group>"; };
		3B488D91194E3CCC0030FCC2 /* DIetPlanTableViewController.m */ = {isa = PBXFileReference; fileEncoding = 4; lastKnownFileType = sourcecode.c.objc; path = DIetPlanTableViewController.m; sourceTree = "<group>"; };
		3B4C07F419350B8200066EF5 /* QuartzCore.framework */ = {isa = PBXFileReference; lastKnownFileType = wrapper.framework; name = QuartzCore.framework; path = System/Library/Frameworks/QuartzCore.framework; sourceTree = SDKROOT; };
		3B4C080019350D9F00066EF5 /* libCorePlot-CocoaTouch.a */ = {isa = PBXFileReference; lastKnownFileType = archive.ar; name = "libCorePlot-CocoaTouch.a"; path = "../../Downloads/CorePlot_1.4/Binaries/iOS/libCorePlot-CocoaTouch.a"; sourceTree = "<group>"; };
		3B4C0854193512BE00066EF5 /* Accelerate.framework */ = {isa = PBXFileReference; lastKnownFileType = wrapper.framework; name = Accelerate.framework; path = System/Library/Frameworks/Accelerate.framework; sourceTree = SDKROOT; };
		3B4FAAC9193F7D3F0059D9C8 /* ALAlertBanner+Private.h */ = {isa = PBXFileReference; fileEncoding = 4; lastKnownFileType = sourcecode.c.h; path = "ALAlertBanner+Private.h"; sourceTree = "<group>"; };
		3B4FAACA193F7D3F0059D9C8 /* ALAlertBanner.h */ = {isa = PBXFileReference; fileEncoding = 4; lastKnownFileType = sourcecode.c.h; path = ALAlertBanner.h; sourceTree = "<group>"; };
		3B4FAACB193F7D3F0059D9C8 /* ALAlertBanner.m */ = {isa = PBXFileReference; fileEncoding = 4; lastKnownFileType = sourcecode.c.objc; path = ALAlertBanner.m; sourceTree = "<group>"; };
		3B4FAACC193F7D3F0059D9C8 /* ALAlertBannerManager.h */ = {isa = PBXFileReference; fileEncoding = 4; lastKnownFileType = sourcecode.c.h; path = ALAlertBannerManager.h; sourceTree = "<group>"; };
		3B4FAACD193F7D3F0059D9C8 /* ALAlertBannerManager.m */ = {isa = PBXFileReference; fileEncoding = 4; lastKnownFileType = sourcecode.c.objc; path = ALAlertBannerManager.m; sourceTree = "<group>"; };
		3B4FAACF193F7D3F0059D9C8 /* bannerAlert.png */ = {isa = PBXFileReference; lastKnownFileType = image.png; path = bannerAlert.png; sourceTree = "<group>"; };
		3B4FAAD0193F7D3F0059D9C8 /* bannerAlert@2x.png */ = {isa = PBXFileReference; lastKnownFileType = image.png; path = "bannerAlert@2x.png"; sourceTree = "<group>"; };
		3B4FAAD1193F7D3F0059D9C8 /* bannerFailure.png */ = {isa = PBXFileReference; lastKnownFileType = image.png; path = bannerFailure.png; sourceTree = "<group>"; };
		3B4FAAD2193F7D3F0059D9C8 /* bannerFailure@2x.png */ = {isa = PBXFileReference; lastKnownFileType = image.png; path = "bannerFailure@2x.png"; sourceTree = "<group>"; };
		3B4FAAD3193F7D3F0059D9C8 /* bannerNotify.png */ = {isa = PBXFileReference; lastKnownFileType = image.png; path = bannerNotify.png; sourceTree = "<group>"; };
		3B4FAAD4193F7D3F0059D9C8 /* bannerNotify@2x.png */ = {isa = PBXFileReference; lastKnownFileType = image.png; path = "bannerNotify@2x.png"; sourceTree = "<group>"; };
		3B4FAAD5193F7D3F0059D9C8 /* bannerSuccess.png */ = {isa = PBXFileReference; lastKnownFileType = image.png; path = bannerSuccess.png; sourceTree = "<group>"; };
		3B4FAAD6193F7D3F0059D9C8 /* bannerSuccess@2x.png */ = {isa = PBXFileReference; lastKnownFileType = image.png; path = "bannerSuccess@2x.png"; sourceTree = "<group>"; };
		3B5AFB4E1940C682007F6A3C /* BodyStatTableViewCell2.0.xib */ = {isa = PBXFileReference; fileEncoding = 4; lastKnownFileType = file.xib; path = BodyStatTableViewCell2.0.xib; sourceTree = "<group>"; };
		3B5AFB501940FF65007F6A3C /* DietPlanDayTableViewCell.xib */ = {isa = PBXFileReference; fileEncoding = 4; lastKnownFileType = file.xib; name = DietPlanDayTableViewCell.xib; path = ../DietPlanDayTableViewCell.xib; sourceTree = "<group>"; };
		3B5AFB52194218D1007F6A3C /* NSDate+Utilities.h */ = {isa = PBXFileReference; fileEncoding = 4; lastKnownFileType = sourcecode.c.h; path = "NSDate+Utilities.h"; sourceTree = "<group>"; };
		3B5AFB53194218D1007F6A3C /* NSDate+Utilities.m */ = {isa = PBXFileReference; fileEncoding = 4; lastKnownFileType = sourcecode.c.objc; path = "NSDate+Utilities.m"; sourceTree = "<group>"; };
		3B6942041930C99F00FC4431 /* GymRegime.app */ = {isa = PBXFileReference; explicitFileType = wrapper.application; includeInIndex = 0; path = GymRegime.app; sourceTree = BUILT_PRODUCTS_DIR; };
		3B6942071930C99F00FC4431 /* Foundation.framework */ = {isa = PBXFileReference; lastKnownFileType = wrapper.framework; name = Foundation.framework; path = System/Library/Frameworks/Foundation.framework; sourceTree = SDKROOT; };
		3B6942091930C99F00FC4431 /* CoreGraphics.framework */ = {isa = PBXFileReference; lastKnownFileType = wrapper.framework; name = CoreGraphics.framework; path = System/Library/Frameworks/CoreGraphics.framework; sourceTree = SDKROOT; };
		3B69420B1930C99F00FC4431 /* UIKit.framework */ = {isa = PBXFileReference; lastKnownFileType = wrapper.framework; name = UIKit.framework; path = System/Library/Frameworks/UIKit.framework; sourceTree = SDKROOT; };
		3B69420D1930C99F00FC4431 /* CoreData.framework */ = {isa = PBXFileReference; lastKnownFileType = wrapper.framework; name = CoreData.framework; path = System/Library/Frameworks/CoreData.framework; sourceTree = SDKROOT; };
		3B6942111930C99F00FC4431 /* GymRegime-Info.plist */ = {isa = PBXFileReference; lastKnownFileType = text.plist.xml; path = "GymRegime-Info.plist"; sourceTree = "<group>"; };
		3B6942131930C99F00FC4431 /* en */ = {isa = PBXFileReference; lastKnownFileType = text.plist.strings; name = en; path = en.lproj/InfoPlist.strings; sourceTree = "<group>"; };
		3B6942151930C99F00FC4431 /* main.m */ = {isa = PBXFileReference; lastKnownFileType = sourcecode.c.objc; path = main.m; sourceTree = "<group>"; };
		3B6942171930C99F00FC4431 /* GymRegime-Prefix.pch */ = {isa = PBXFileReference; lastKnownFileType = sourcecode.c.h; path = "GymRegime-Prefix.pch"; sourceTree = "<group>"; };
		3B6942181930C99F00FC4431 /* AppDelegate.h */ = {isa = PBXFileReference; lastKnownFileType = sourcecode.c.h; path = AppDelegate.h; sourceTree = "<group>"; };
		3B6942191930C99F00FC4431 /* AppDelegate.m */ = {isa = PBXFileReference; lastKnownFileType = sourcecode.c.objc; path = AppDelegate.m; sourceTree = "<group>"; };
		3B69421C1930C99F00FC4431 /* GymRegime.xcdatamodel */ = {isa = PBXFileReference; lastKnownFileType = wrapper.xcdatamodel; path = GymRegime.xcdatamodel; sourceTree = "<group>"; };
		3B6942241930C99F00FC4431 /* GymRegimeTests.xctest */ = {isa = PBXFileReference; explicitFileType = wrapper.cfbundle; includeInIndex = 0; path = GymRegimeTests.xctest; sourceTree = BUILT_PRODUCTS_DIR; };
		3B6942251930C99F00FC4431 /* XCTest.framework */ = {isa = PBXFileReference; lastKnownFileType = wrapper.framework; name = XCTest.framework; path = Library/Frameworks/XCTest.framework; sourceTree = DEVELOPER_DIR; };
		3B69422E1930C99F00FC4431 /* GymRegimeTests-Info.plist */ = {isa = PBXFileReference; lastKnownFileType = text.plist.xml; path = "GymRegimeTests-Info.plist"; sourceTree = "<group>"; };
		3B6942301930C99F00FC4431 /* en */ = {isa = PBXFileReference; lastKnownFileType = text.plist.strings; name = en; path = en.lproj/InfoPlist.strings; sourceTree = "<group>"; };
		3B6942321930C99F00FC4431 /* GymRegimeTests.m */ = {isa = PBXFileReference; lastKnownFileType = sourcecode.c.objc; path = GymRegimeTests.m; sourceTree = "<group>"; };
		3B69423C1930C9CB00FC4431 /* main.storyboard */ = {isa = PBXFileReference; fileEncoding = 4; lastKnownFileType = file.storyboard; path = main.storyboard; sourceTree = "<group>"; };
		3B69423E1930CD8800FC4431 /* CoreViewController.h */ = {isa = PBXFileReference; fileEncoding = 4; lastKnownFileType = sourcecode.c.h; path = CoreViewController.h; sourceTree = "<group>"; };
		3B69423F1930CD8800FC4431 /* CoreViewController.m */ = {isa = PBXFileReference; fileEncoding = 4; lastKnownFileType = sourcecode.c.objc; path = CoreViewController.m; sourceTree = "<group>"; };
		3B6942441930CDA800FC4431 /* BodyStatTableViewController.h */ = {isa = PBXFileReference; fileEncoding = 4; lastKnownFileType = sourcecode.c.h; path = BodyStatTableViewController.h; sourceTree = "<group>"; };
		3B6942451930CDA800FC4431 /* BodyStatTableViewController.m */ = {isa = PBXFileReference; fileEncoding = 4; lastKnownFileType = sourcecode.c.objc; path = BodyStatTableViewController.m; sourceTree = "<group>"; };
		3B785089195C69EC00005AD9 /* BodyStat.h */ = {isa = PBXFileReference; fileEncoding = 4; lastKnownFileType = sourcecode.c.h; path = BodyStat.h; sourceTree = "<group>"; };
		3B78508A195C69EC00005AD9 /* BodyStat.m */ = {isa = PBXFileReference; fileEncoding = 4; lastKnownFileType = sourcecode.c.objc; path = BodyStat.m; sourceTree = "<group>"; };
		3B78508C195C69ED00005AD9 /* DietGoal.h */ = {isa = PBXFileReference; fileEncoding = 4; lastKnownFileType = sourcecode.c.h; path = DietGoal.h; sourceTree = "<group>"; };
		3B78508D195C69ED00005AD9 /* DietGoal.m */ = {isa = PBXFileReference; fileEncoding = 4; lastKnownFileType = sourcecode.c.objc; path = DietGoal.m; sourceTree = "<group>"; };
		3B78508F195C69ED00005AD9 /* DietPlan.h */ = {isa = PBXFileReference; fileEncoding = 4; lastKnownFileType = sourcecode.c.h; path = DietPlan.h; sourceTree = "<group>"; };
		3B785090195C69ED00005AD9 /* DietPlan.m */ = {isa = PBXFileReference; fileEncoding = 4; lastKnownFileType = sourcecode.c.objc; path = DietPlan.m; sourceTree = "<group>"; };
		3B785092195C69ED00005AD9 /* DietPlanDay.h */ = {isa = PBXFileReference; fileEncoding = 4; lastKnownFileType = sourcecode.c.h; path = DietPlanDay.h; sourceTree = "<group>"; };
		3B785093195C69ED00005AD9 /* DietPlanDay.m */ = {isa = PBXFileReference; fileEncoding = 4; lastKnownFileType = sourcecode.c.objc; path = DietPlanDay.m; sourceTree = "<group>"; };
		3B785095195C6FEC00005AD9 /* measuringTape.png */ = {isa = PBXFileReference; lastKnownFileType = image.png; path = measuringTape.png; sourceTree = "<group>"; };
		3B785097195C85B000005AD9 /* DLPieChart.h */ = {isa = PBXFileReference; fileEncoding = 4; lastKnownFileType = sourcecode.c.h; path = DLPieChart.h; sourceTree = "<group>"; };
		3B785098195C85B000005AD9 /* DLPieChart.m */ = {isa = PBXFileReference; fileEncoding = 4; lastKnownFileType = sourcecode.c.objc; path = DLPieChart.m; sourceTree = "<group>"; };
		3B78509A195CA08B00005AD9 /* Images.xcassets */ = {isa = PBXFileReference; lastKnownFileType = folder.assetcatalog; path = Images.xcassets; sourceTree = "<group>"; };
		3B7C070E193B0BBE0008DE46 /* DietPlanDayViewController.h */ = {isa = PBXFileReference; fileEncoding = 4; lastKnownFileType = sourcecode.c.h; name = DietPlanDayViewController.h; path = ../DietPlanDayViewController.h; sourceTree = "<group>"; };
		3B7C070F193B0BBE0008DE46 /* DietPlanDayViewController.m */ = {isa = PBXFileReference; fileEncoding = 4; lastKnownFileType = sourcecode.c.objc; name = DietPlanDayViewController.m; path = ../DietPlanDayViewController.m; sourceTree = "<group>"; };
		3B7C071E193B34D50008DE46 /* DietPlanDayTableViewCell.h */ = {isa = PBXFileReference; fileEncoding = 4; lastKnownFileType = sourcecode.c.h; name = DietPlanDayTableViewCell.h; path = ../DietPlanDayTableViewCell.h; sourceTree = "<group>"; };
		3B7C071F193B34D50008DE46 /* DietPlanDayTableViewCell.m */ = {isa = PBXFileReference; fileEncoding = 4; lastKnownFileType = sourcecode.c.objc; name = DietPlanDayTableViewCell.m; path = ../DietPlanDayTableViewCell.m; sourceTree = "<group>"; };
		3B7C0722193C7AF50008DE46 /* DietPlanDaysTableViewController.h */ = {isa = PBXFileReference; fileEncoding = 4; lastKnownFileType = sourcecode.c.h; path = DietPlanDaysTableViewController.h; sourceTree = "<group>"; };
		3B7C0723193C7AF50008DE46 /* DietPlanDaysTableViewController.m */ = {isa = PBXFileReference; fileEncoding = 4; lastKnownFileType = sourcecode.c.objc; path = DietPlanDaysTableViewController.m; sourceTree = "<group>"; };
		3B7F033119557ABA0065003A /* GoalProgressViewController.h */ = {isa = PBXFileReference; fileEncoding = 4; lastKnownFileType = sourcecode.c.h; name = GoalProgressViewController.h; path = ../GoalProgressViewController.h; sourceTree = "<group>"; };
		3B7F033219557ABA0065003A /* GoalProgressViewController.m */ = {isa = PBXFileReference; fileEncoding = 4; lastKnownFileType = sourcecode.c.objc; name = GoalProgressViewController.m; path = ../GoalProgressViewController.m; sourceTree = "<group>"; };
		3B7F033A195620D10065003A /* BSInputMainTabBarController.h */ = {isa = PBXFileReference; fileEncoding = 4; lastKnownFileType = sourcecode.c.h; name = BSInputMainTabBarController.h; path = MHCustomTabBarController/BSInputMainTabBarController.h; sourceTree = "<group>"; };
		3B7F033B195620D10065003A /* BSInputMainTabBarController.m */ = {isa = PBXFileReference; fileEncoding = 4; lastKnownFileType = sourcecode.c.objc; name = BSInputMainTabBarController.m; path = MHCustomTabBarController/BSInputMainTabBarController.m; sourceTree = "<group>"; };
		3B7F033C195620D10065003A /* MHTabBarSegue.h */ = {isa = PBXFileReference; fileEncoding = 4; lastKnownFileType = sourcecode.c.h; name = MHTabBarSegue.h; path = MHCustomTabBarController/MHTabBarSegue.h; sourceTree = "<group>"; };
		3B7F033D195620D10065003A /* MHTabBarSegue.m */ = {isa = PBXFileReference; fileEncoding = 4; lastKnownFileType = sourcecode.c.objc; name = MHTabBarSegue.m; path = MHCustomTabBarController/MHTabBarSegue.m; sourceTree = "<group>"; };
		3B7F03751956DF240065003A /* BSInputMainViewController.h */ = {isa = PBXFileReference; fileEncoding = 4; lastKnownFileType = sourcecode.c.h; name = BSInputMainViewController.h; path = ../BSInputMainViewController.h; sourceTree = "<group>"; };
		3B7F03761956DF240065003A /* BSInputMainViewController.m */ = {isa = PBXFileReference; fileEncoding = 4; lastKnownFileType = sourcecode.c.objc; name = BSInputMainViewController.m; path = ../BSInputMainViewController.m; sourceTree = "<group>"; };
		3B7F037B1956DF3B0065003A /* BSInputMacroViewController.h */ = {isa = PBXFileReference; fileEncoding = 4; lastKnownFileType = sourcecode.c.h; name = BSInputMacroViewController.h; path = ../BSInputMacroViewController.h; sourceTree = "<group>"; };
		3B7F037C1956DF3B0065003A /* BSInputMacroViewController.m */ = {isa = PBXFileReference; fileEncoding = 4; lastKnownFileType = sourcecode.c.objc; name = BSInputMacroViewController.m; path = ../BSInputMacroViewController.m; sourceTree = "<group>"; };
		3B953EF7194AF2E600803D32 /* MainSettingsTableViewController.h */ = {isa = PBXFileReference; fileEncoding = 4; lastKnownFileType = sourcecode.c.h; name = MainSettingsTableViewController.h; path = ../MainSettingsTableViewController.h; sourceTree = "<group>"; };
		3B953EF8194AF2E600803D32 /* MainSettingsTableViewController.m */ = {isa = PBXFileReference; fileEncoding = 4; lastKnownFileType = sourcecode.c.objc; name = MainSettingsTableViewController.m; path = ../MainSettingsTableViewController.m; sourceTree = "<group>"; };
		3B953F01194C8DD000803D32 /* GoalColorScheme.h */ = {isa = PBXFileReference; fileEncoding = 4; lastKnownFileType = sourcecode.c.h; name = GoalColorScheme.h; path = ../GoalColorScheme.h; sourceTree = "<group>"; };
		3B953F02194C8DD000803D32 /* GoalColorScheme.m */ = {isa = PBXFileReference; fileEncoding = 4; lastKnownFileType = sourcecode.c.objc; name = GoalColorScheme.m; path = ../GoalColorScheme.m; sourceTree = "<group>"; };
		3B953F06194D07F900803D32 /* PNBar.h */ = {isa = PBXFileReference; fileEncoding = 4; lastKnownFileType = sourcecode.c.h; path = PNBar.h; sourceTree = "<group>"; };
		3B953F07194D07F900803D32 /* PNBar.m */ = {isa = PBXFileReference; fileEncoding = 4; lastKnownFileType = sourcecode.c.objc; path = PNBar.m; sourceTree = "<group>"; };
		3B953F08194D07F900803D32 /* PNBarChart.h */ = {isa = PBXFileReference; fileEncoding = 4; lastKnownFileType = sourcecode.c.h; path = PNBarChart.h; sourceTree = "<group>"; };
		3B953F09194D07F900803D32 /* PNBarChart.m */ = {isa = PBXFileReference; fileEncoding = 4; lastKnownFileType = sourcecode.c.objc; path = PNBarChart.m; sourceTree = "<group>"; };
		3B953F0A194D07F900803D32 /* PNChart.h */ = {isa = PBXFileReference; fileEncoding = 4; lastKnownFileType = sourcecode.c.h; path = PNChart.h; sourceTree = "<group>"; };
		3B953F0B194D07F900803D32 /* PNChartDelegate.h */ = {isa = PBXFileReference; fileEncoding = 4; lastKnownFileType = sourcecode.c.h; path = PNChartDelegate.h; sourceTree = "<group>"; };
		3B953F0C194D07F900803D32 /* PNChartLabel.h */ = {isa = PBXFileReference; fileEncoding = 4; lastKnownFileType = sourcecode.c.h; path = PNChartLabel.h; sourceTree = "<group>"; };
		3B953F0D194D07F900803D32 /* PNChartLabel.m */ = {isa = PBXFileReference; fileEncoding = 4; lastKnownFileType = sourcecode.c.objc; path = PNChartLabel.m; sourceTree = "<group>"; };
		3B953F0F194D07F900803D32 /* PNCircleChart.h */ = {isa = PBXFileReference; fileEncoding = 4; lastKnownFileType = sourcecode.c.h; path = PNCircleChart.h; sourceTree = "<group>"; };
		3B953F10194D07F900803D32 /* PNCircleChart.m */ = {isa = PBXFileReference; fileEncoding = 4; lastKnownFileType = sourcecode.c.objc; path = PNCircleChart.m; sourceTree = "<group>"; };
		3B953F11194D07F900803D32 /* PNColor.h */ = {isa = PBXFileReference; fileEncoding = 4; lastKnownFileType = sourcecode.c.h; path = PNColor.h; sourceTree = "<group>"; };
		3B953F12194D07F900803D32 /* PNColor.m */ = {isa = PBXFileReference; fileEncoding = 4; lastKnownFileType = sourcecode.c.objc; path = PNColor.m; sourceTree = "<group>"; };
		3B953F14194D07F900803D32 /* PNLineChart.h */ = {isa = PBXFileReference; fileEncoding = 4; lastKnownFileType = sourcecode.c.h; path = PNLineChart.h; sourceTree = "<group>"; };
		3B953F15194D07F900803D32 /* PNLineChart.m */ = {isa = PBXFileReference; fileEncoding = 4; lastKnownFileType = sourcecode.c.objc; path = PNLineChart.m; sourceTree = "<group>"; };
		3B953F16194D07F900803D32 /* PNLineChartData.h */ = {isa = PBXFileReference; fileEncoding = 4; lastKnownFileType = sourcecode.c.h; path = PNLineChartData.h; sourceTree = "<group>"; };
		3B953F17194D07F900803D32 /* PNLineChartData.m */ = {isa = PBXFileReference; fileEncoding = 4; lastKnownFileType = sourcecode.c.objc; path = PNLineChartData.m; sourceTree = "<group>"; };
		3B953F18194D07F900803D32 /* PNLineChartDataItem.h */ = {isa = PBXFileReference; fileEncoding = 4; lastKnownFileType = sourcecode.c.h; path = PNLineChartDataItem.h; sourceTree = "<group>"; };
		3B953F19194D07F900803D32 /* PNLineChartDataItem.m */ = {isa = PBXFileReference; fileEncoding = 4; lastKnownFileType = sourcecode.c.objc; path = PNLineChartDataItem.m; sourceTree = "<group>"; };
		3B953F1B194D07F900803D32 /* PNPieChart.h */ = {isa = PBXFileReference; fileEncoding = 4; lastKnownFileType = sourcecode.c.h; path = PNPieChart.h; sourceTree = "<group>"; };
		3B953F1C194D07F900803D32 /* PNPieChart.m */ = {isa = PBXFileReference; fileEncoding = 4; lastKnownFileType = sourcecode.c.objc; path = PNPieChart.m; sourceTree = "<group>"; };
		3B953F1D194D07F900803D32 /* PNPieChartDataItem.h */ = {isa = PBXFileReference; fileEncoding = 4; lastKnownFileType = sourcecode.c.h; path = PNPieChartDataItem.h; sourceTree = "<group>"; };
		3B953F1E194D07F900803D32 /* PNPieChartDataItem.m */ = {isa = PBXFileReference; fileEncoding = 4; lastKnownFileType = sourcecode.c.objc; path = PNPieChartDataItem.m; sourceTree = "<group>"; };
		3B953F29194D0AC300803D32 /* UICountingLabel.h */ = {isa = PBXFileReference; fileEncoding = 4; lastKnownFileType = sourcecode.c.h; path = UICountingLabel.h; sourceTree = "<group>"; };
		3B953F2A194D0AC300803D32 /* UICountingLabel.m */ = {isa = PBXFileReference; fileEncoding = 4; lastKnownFileType = sourcecode.c.objc; path = UICountingLabel.m; sourceTree = "<group>"; };
		3B9A42341930E72600B9A2B5 /* CoreTableViewController.h */ = {isa = PBXFileReference; fileEncoding = 4; lastKnownFileType = sourcecode.c.h; path = CoreTableViewController.h; sourceTree = "<group>"; };
		3B9A42351930E72600B9A2B5 /* CoreTableViewController.m */ = {isa = PBXFileReference; fileEncoding = 4; lastKnownFileType = sourcecode.c.objc; path = CoreTableViewController.m; sourceTree = "<group>"; };
		3B9ABBED194E0B8F002F6EFF /* DietPlannerMenuTableViewController.h */ = {isa = PBXFileReference; fileEncoding = 4; lastKnownFileType = sourcecode.c.h; path = DietPlannerMenuTableViewController.h; sourceTree = "<group>"; };
		3B9ABBEE194E0B8F002F6EFF /* DietPlannerMenuTableViewController.m */ = {isa = PBXFileReference; fileEncoding = 4; lastKnownFileType = sourcecode.c.objc; path = DietPlannerMenuTableViewController.m; sourceTree = "<group>"; };
		3BA58B61193637270012DE95 /* BSWeeklyChangesTableViewController.h */ = {isa = PBXFileReference; fileEncoding = 4; lastKnownFileType = sourcecode.c.h; path = BSWeeklyChangesTableViewController.h; sourceTree = "<group>"; };
		3BA58B62193637270012DE95 /* BSWeeklyChangesTableViewController.m */ = {isa = PBXFileReference; fileEncoding = 4; lastKnownFileType = sourcecode.c.objc; path = BSWeeklyChangesTableViewController.m; sourceTree = "<group>"; };
		3BA58B68193719E70012DE95 /* BSEditViewController.h */ = {isa = PBXFileReference; fileEncoding = 4; lastKnownFileType = sourcecode.c.h; path = BSEditViewController.h; sourceTree = "<group>"; };
		3BA58B69193719E70012DE95 /* BSEditViewController.m */ = {isa = PBXFileReference; fileEncoding = 4; lastKnownFileType = sourcecode.c.objc; path = BSEditViewController.m; sourceTree = "<group>"; };
		3BA58B6B19377C010012DE95 /* BodyStatTableViewCell.h */ = {isa = PBXFileReference; fileEncoding = 4; lastKnownFileType = sourcecode.c.h; path = BodyStatTableViewCell.h; sourceTree = "<group>"; };
		3BA58B6C19377C010012DE95 /* BodyStatTableViewCell.m */ = {isa = PBXFileReference; fileEncoding = 4; lastKnownFileType = sourcecode.c.objc; path = BodyStatTableViewCell.m; sourceTree = "<group>"; };
		3BA58B7119377E3B0012DE95 /* BodyStatTableViewCell.xib */ = {isa = PBXFileReference; fileEncoding = 4; lastKnownFileType = file.xib; path = BodyStatTableViewCell.xib; sourceTree = "<group>"; };
		3BA58B75193797390012DE95 /* ProgressPhotoViewController.h */ = {isa = PBXFileReference; fileEncoding = 4; lastKnownFileType = sourcecode.c.h; path = ProgressPhotoViewController.h; sourceTree = "<group>"; };
		3BA58B76193797390012DE95 /* ProgressPhotoViewController.m */ = {isa = PBXFileReference; fileEncoding = 4; lastKnownFileType = sourcecode.c.objc; path = ProgressPhotoViewController.m; sourceTree = "<group>"; };
		3BABCB7819327CB600465719 /* BSStatisticsTableViewController.h */ = {isa = PBXFileReference; fileEncoding = 4; lastKnownFileType = sourcecode.c.h; path = BSStatisticsTableViewController.h; sourceTree = "<group>"; };
		3BABCB7919327CB600465719 /* BSStatisticsTableViewController.m */ = {isa = PBXFileReference; fileEncoding = 4; lastKnownFileType = sourcecode.c.objc; path = BSStatisticsTableViewController.m; sourceTree = "<group>"; };
		3BABCB7B19327CEE00465719 /* CalorieCalculator.h */ = {isa = PBXFileReference; fileEncoding = 4; lastKnownFileType = sourcecode.c.h; path = CalorieCalculator.h; sourceTree = "<group>"; };
		3BABCB7C19327CEE00465719 /* CalorieCalculator.m */ = {isa = PBXFileReference; fileEncoding = 4; lastKnownFileType = sourcecode.c.objc; path = CalorieCalculator.m; sourceTree = "<group>"; };
		3BBB30AC19519B7E00B880CC /* DietGoal+Helper.h */ = {isa = PBXFileReference; fileEncoding = 4; lastKnownFileType = sourcecode.c.h; name = "DietGoal+Helper.h"; path = "../DietGoal+Helper.h"; sourceTree = "<group>"; };
		3BBB30AD19519B7E00B880CC /* DietGoal+Helper.m */ = {isa = PBXFileReference; fileEncoding = 4; lastKnownFileType = sourcecode.c.objc; name = "DietGoal+Helper.m"; path = "../DietGoal+Helper.m"; sourceTree = "<group>"; };
		3BBB30BB1951A06900B880CC /* BodyStat+Helper.h */ = {isa = PBXFileReference; fileEncoding = 4; lastKnownFileType = sourcecode.c.h; path = "BodyStat+Helper.h"; sourceTree = "<group>"; };
		3BBB30BC1951A06900B880CC /* BodyStat+Helper.m */ = {isa = PBXFileReference; fileEncoding = 4; lastKnownFileType = sourcecode.c.objc; path = "BodyStat+Helper.m"; sourceTree = "<group>"; };
		3BC4F9E41943A80200BCEBF8 /* CoreDataHelper.h */ = {isa = PBXFileReference; fileEncoding = 4; lastKnownFileType = sourcecode.c.h; name = CoreDataHelper.h; path = ../CoreDataHelper.h; sourceTree = "<group>"; };
		3BC4F9E51943A80200BCEBF8 /* CoreDataHelper.m */ = {isa = PBXFileReference; fileEncoding = 4; lastKnownFileType = sourcecode.c.objc; name = CoreDataHelper.m; path = ../CoreDataHelper.m; sourceTree = "<group>"; };
		3BDEA48E1956E6A300594CEE /* BSInputMeasurementTableViewController.h */ = {isa = PBXFileReference; fileEncoding = 4; lastKnownFileType = sourcecode.c.h; path = BSInputMeasurementTableViewController.h; sourceTree = "<group>"; };
		3BDEA48F1956E6A300594CEE /* BSInputMeasurementTableViewController.m */ = {isa = PBXFileReference; fileEncoding = 4; lastKnownFileType = sourcecode.c.objc; path = BSInputMeasurementTableViewController.m; sourceTree = "<group>"; };
		3BDEA497195713B500594CEE /* BSInputMeasurementContainerViewController.h */ = {isa = PBXFileReference; fileEncoding = 4; lastKnownFileType = sourcecode.c.h; path = BSInputMeasurementContainerViewController.h; sourceTree = "<group>"; };
		3BDEA498195713B500594CEE /* BSInputMeasurementContainerViewController.m */ = {isa = PBXFileReference; fileEncoding = 4; lastKnownFileType = sourcecode.c.objc; path = BSInputMeasurementContainerViewController.m; sourceTree = "<group>"; };
		3BEBDFE21933515A0013C66C /* BSProfileViewController.h */ = {isa = PBXFileReference; fileEncoding = 4; lastKnownFileType = sourcecode.c.h; name = BSProfileViewController.h; path = ../BSProfileViewController.h; sourceTree = "<group>"; };
		3BEBDFE31933515A0013C66C /* BSProfileViewController.m */ = {isa = PBXFileReference; fileEncoding = 4; lastKnownFileType = sourcecode.c.objc; name = BSProfileViewController.m; path = ../BSProfileViewController.m; sourceTree = "<group>"; };
		3BFB1C2119449C2E0066AAEB /* CalorieSettingsTableViewController.h */ = {isa = PBXFileReference; fileEncoding = 4; lastKnownFileType = sourcecode.c.h; path = CalorieSettingsTableViewController.h; sourceTree = "<group>"; };
		3BFB1C2219449C2E0066AAEB /* CalorieSettingsTableViewController.m */ = {isa = PBXFileReference; fileEncoding = 4; lastKnownFileType = sourcecode.c.objc; path = CalorieSettingsTableViewController.m; sourceTree = "<group>"; };
/* End PBXFileReference section */

/* Begin PBXFrameworksBuildPhase section */
		3B6942011930C99F00FC4431 /* Frameworks */ = {
			isa = PBXFrameworksBuildPhase;
			buildActionMask = 2147483647;
			files = (
				3B4C0855193512BE00066EF5 /* Accelerate.framework in Frameworks */,
				3B4C07F519350B8200066EF5 /* QuartzCore.framework in Frameworks */,
				3B69420A1930C99F00FC4431 /* CoreGraphics.framework in Frameworks */,
				3B69420E1930C99F00FC4431 /* CoreData.framework in Frameworks */,
				3B69420C1930C99F00FC4431 /* UIKit.framework in Frameworks */,
				3B6942081930C99F00FC4431 /* Foundation.framework in Frameworks */,
			);
			runOnlyForDeploymentPostprocessing = 0;
		};
		3B6942211930C99F00FC4431 /* Frameworks */ = {
			isa = PBXFrameworksBuildPhase;
			buildActionMask = 2147483647;
			files = (
				3B6942261930C99F00FC4431 /* XCTest.framework in Frameworks */,
				3B6942291930C99F00FC4431 /* CoreData.framework in Frameworks */,
				3B6942281930C99F00FC4431 /* UIKit.framework in Frameworks */,
				3B6942271930C99F00FC4431 /* Foundation.framework in Frameworks */,
			);
			runOnlyForDeploymentPostprocessing = 0;
		};
/* End PBXFrameworksBuildPhase section */

/* Begin PBXGroup section */
		3B13B0381950B6E5005EE14B /* Goal Section */ = {
			isa = PBXGroup;
			children = (
				3B7F03351955AD640065003A /* GoalProgressTableViewCell */,
				3B13B03E1950BA4E005EE14B /* GoalTableViewCell */,
				3B13B029195035A9005EE14B /* GoalSettingViewController.h */,
				3B13B02A195035A9005EE14B /* GoalSettingViewController.m */,
				3B13B02619502F94005EE14B /* DPGoalsTableViewController.h */,
				3B13B02719502F94005EE14B /* DPGoalsTableViewController.m */,
			);
			name = "Goal Section";
			sourceTree = "<group>";
		};
		3B13B03E1950BA4E005EE14B /* GoalTableViewCell */ = {
			isa = PBXGroup;
			children = (
				3B13B0391950B99B005EE14B /* GoalTableViewCell.xib */,
				3B13B03B1950B9FD005EE14B /* GoalTableViewCell.h */,
				3B13B03C1950B9FD005EE14B /* GoalTableViewCell.m */,
			);
			name = GoalTableViewCell;
			sourceTree = "<group>";
		};
		3B36FFA01952449800CFA225 /* Diet Plan schedule */ = {
			isa = PBXGroup;
			children = (
				3B36FF9C1952415000CFA225 /* DailyScheduleView.xib */,
				3B36FFA1195244CF00CFA225 /* DailyScheduleView.h */,
				3B36FFA2195244CF00CFA225 /* DailyScheduleView.m */,
			);
			name = "Diet Plan schedule";
			sourceTree = "<group>";
		};
		3B4DF76A1958CF2A00DF5938 /* Statistics section */ = {
			isa = PBXGroup;
			children = (
				3BEBDFE21933515A0013C66C /* BSProfileViewController.h */,
				3BEBDFE31933515A0013C66C /* BSProfileViewController.m */,
				3BABCB7819327CB600465719 /* BSStatisticsTableViewController.h */,
				3BABCB7919327CB600465719 /* BSStatisticsTableViewController.m */,
				3B7F033119557ABA0065003A /* GoalProgressViewController.h */,
				3B7F033219557ABA0065003A /* GoalProgressViewController.m */,
			);
			name = "Statistics section";
			sourceTree = "<group>";
		};
		3B4FAAC8193F7D3F0059D9C8 /* ALAlertBanner */ = {
			isa = PBXGroup;
			children = (
				3B4FAAC9193F7D3F0059D9C8 /* ALAlertBanner+Private.h */,
				3B4FAACA193F7D3F0059D9C8 /* ALAlertBanner.h */,
				3B4FAACB193F7D3F0059D9C8 /* ALAlertBanner.m */,
				3B4FAACC193F7D3F0059D9C8 /* ALAlertBannerManager.h */,
				3B4FAACD193F7D3F0059D9C8 /* ALAlertBannerManager.m */,
				3B4FAACE193F7D3F0059D9C8 /* Images */,
			);
			path = ALAlertBanner;
			sourceTree = "<group>";
		};
		3B4FAACE193F7D3F0059D9C8 /* Images */ = {
			isa = PBXGroup;
			children = (
				3B4FAACF193F7D3F0059D9C8 /* bannerAlert.png */,
				3B4FAAD0193F7D3F0059D9C8 /* bannerAlert@2x.png */,
				3B4FAAD1193F7D3F0059D9C8 /* bannerFailure.png */,
				3B4FAAD2193F7D3F0059D9C8 /* bannerFailure@2x.png */,
				3B4FAAD3193F7D3F0059D9C8 /* bannerNotify.png */,
				3B4FAAD4193F7D3F0059D9C8 /* bannerNotify@2x.png */,
				3B4FAAD5193F7D3F0059D9C8 /* bannerSuccess.png */,
				3B4FAAD6193F7D3F0059D9C8 /* bannerSuccess@2x.png */,
			);
			path = Images;
			sourceTree = "<group>";
		};
		3B6941FB1930C99F00FC4431 = {
			isa = PBXGroup;
			children = (
				3B69420F1930C99F00FC4431 /* GymRegime */,
				3B69422C1930C99F00FC4431 /* GymRegimeTests */,
				3B6942061930C99F00FC4431 /* Frameworks */,
				3B6942051930C99F00FC4431 /* Products */,
			);
			sourceTree = "<group>";
		};
		3B6942051930C99F00FC4431 /* Products */ = {
			isa = PBXGroup;
			children = (
				3B6942041930C99F00FC4431 /* GymRegime.app */,
				3B6942241930C99F00FC4431 /* GymRegimeTests.xctest */,
			);
			name = Products;
			sourceTree = "<group>";
		};
		3B6942061930C99F00FC4431 /* Frameworks */ = {
			isa = PBXGroup;
			children = (
				3B4C0854193512BE00066EF5 /* Accelerate.framework */,
				3B4C080019350D9F00066EF5 /* libCorePlot-CocoaTouch.a */,
				3B4C07F419350B8200066EF5 /* QuartzCore.framework */,
				3B6942071930C99F00FC4431 /* Foundation.framework */,
				3B6942091930C99F00FC4431 /* CoreGraphics.framework */,
				3B69420B1930C99F00FC4431 /* UIKit.framework */,
				3B69420D1930C99F00FC4431 /* CoreData.framework */,
				3B6942251930C99F00FC4431 /* XCTest.framework */,
			);
			name = Frameworks;
			sourceTree = "<group>";
		};
		3B69420F1930C99F00FC4431 /* GymRegime */ = {
			isa = PBXGroup;
			children = (
				3B9A42341930E72600B9A2B5 /* CoreTableViewController.h */,
				3B9A42351930E72600B9A2B5 /* CoreTableViewController.m */,
				3B69423E1930CD8800FC4431 /* CoreViewController.h */,
				3B69423F1930CD8800FC4431 /* CoreViewController.m */,
				3B69423C1930C9CB00FC4431 /* main.storyboard */,
				3B4DF76A1958CF2A00DF5938 /* Statistics section */,
				3B13B0381950B6E5005EE14B /* Goal Section */,
				3BFB1C20194492A60066AAEB /* Settings Section */,
				3B7C0711193B0C320008DE46 /* Diet Planner Section */,
				3BA58B67193715C90012DE95 /* Body Stat/logbook section */,
				3BEBDFE5193351670013C66C /* Models */,
				3B6942101930C99F00FC4431 /* Supporting Files */,
			);
			path = GymRegime;
			sourceTree = "<group>";
		};
		3B6942101930C99F00FC4431 /* Supporting Files */ = {
			isa = PBXGroup;
			children = (
				3B78509A195CA08B00005AD9 /* Images.xcassets */,
				3B785097195C85B000005AD9 /* DLPieChart.h */,
				3B785098195C85B000005AD9 /* DLPieChart.m */,
				3B785095195C6FEC00005AD9 /* measuringTape.png */,
				3B7F0339195620D10065003A /* MHCustomTabBarController */,
				3B36FF9E1952425000CFA225 /* close-button.png */,
				3B953F04194D07F900803D32 /* PNChart */,
				3B4FAAC8193F7D3F0059D9C8 /* ALAlertBanner */,
				3BA58B861938E17E0012DE95 /* stock images */,
				3B6942181930C99F00FC4431 /* AppDelegate.h */,
				3B6942191930C99F00FC4431 /* AppDelegate.m */,
				3B6942111930C99F00FC4431 /* GymRegime-Info.plist */,
				3B6942121930C99F00FC4431 /* InfoPlist.strings */,
				3B6942151930C99F00FC4431 /* main.m */,
				3B6942171930C99F00FC4431 /* GymRegime-Prefix.pch */,
			);
			name = "Supporting Files";
			sourceTree = "<group>";
		};
		3B69422C1930C99F00FC4431 /* GymRegimeTests */ = {
			isa = PBXGroup;
			children = (
				3B6942321930C99F00FC4431 /* GymRegimeTests.m */,
				3B69422D1930C99F00FC4431 /* Supporting Files */,
			);
			path = GymRegimeTests;
			sourceTree = "<group>";
		};
		3B69422D1930C99F00FC4431 /* Supporting Files */ = {
			isa = PBXGroup;
			children = (
				3B69422E1930C99F00FC4431 /* GymRegimeTests-Info.plist */,
				3B69422F1930C99F00FC4431 /* InfoPlist.strings */,
			);
			name = "Supporting Files";
			sourceTree = "<group>";
		};
		3B7C0711193B0C320008DE46 /* Diet Planner Section */ = {
			isa = PBXGroup;
			children = (
				3B7C0721193B34F20008DE46 /* Diet plan tableview cell */,
				3B488D90194E3CCC0030FCC2 /* DIetPlanTableViewController.h */,
				3B488D91194E3CCC0030FCC2 /* DIetPlanTableViewController.m */,
				3B7C0722193C7AF50008DE46 /* DietPlanDaysTableViewController.h */,
				3B7C0723193C7AF50008DE46 /* DietPlanDaysTableViewController.m */,
				3B7C070E193B0BBE0008DE46 /* DietPlanDayViewController.h */,
				3B7C070F193B0BBE0008DE46 /* DietPlanDayViewController.m */,
				3B9ABBED194E0B8F002F6EFF /* DietPlannerMenuTableViewController.h */,
				3B9ABBEE194E0B8F002F6EFF /* DietPlannerMenuTableViewController.m */,
			);
			name = "Diet Planner Section";
			sourceTree = "<group>";
		};
		3B7C0721193B34F20008DE46 /* Diet plan tableview cell */ = {
			isa = PBXGroup;
			children = (
				3B5AFB501940FF65007F6A3C /* DietPlanDayTableViewCell.xib */,
				3B7C071E193B34D50008DE46 /* DietPlanDayTableViewCell.h */,
				3B7C071F193B34D50008DE46 /* DietPlanDayTableViewCell.m */,
			);
			name = "Diet plan tableview cell";
			sourceTree = "<group>";
		};
		3B7F03351955AD640065003A /* GoalProgressTableViewCell */ = {
			isa = PBXGroup;
			children = (
				3B376B701954DA38005D213F /* GoalProgressTableViewCell.xib */,
				3B376B721954DB4B005D213F /* GoalProgressTableViewCell.h */,
				3B376B731954DB4B005D213F /* GoalProgressTableViewCell.m */,
			);
			name = GoalProgressTableViewCell;
			sourceTree = "<group>";
		};
		3B7F0339195620D10065003A /* MHCustomTabBarController */ = {
			isa = PBXGroup;
			children = (
			);
			path = MHCustomTabBarController;
			sourceTree = "<group>";
		};
		3B7F03741956DED20065003A /* BodyStat Saving/Editing */ = {
			isa = PBXGroup;
			children = (
				3B7F033A195620D10065003A /* BSInputMainTabBarController.h */,
				3B7F033B195620D10065003A /* BSInputMainTabBarController.m */,
				3BDEA497195713B500594CEE /* BSInputMeasurementContainerViewController.h */,
				3BDEA498195713B500594CEE /* BSInputMeasurementContainerViewController.m */,
				3BDEA48E1956E6A300594CEE /* BSInputMeasurementTableViewController.h */,
				3BDEA48F1956E6A300594CEE /* BSInputMeasurementTableViewController.m */,
				3B7F03751956DF240065003A /* BSInputMainViewController.h */,
				3B7F03761956DF240065003A /* BSInputMainViewController.m */,
				3B7F037B1956DF3B0065003A /* BSInputMacroViewController.h */,
				3B7F037C1956DF3B0065003A /* BSInputMacroViewController.m */,
				3B7F033C195620D10065003A /* MHTabBarSegue.h */,
				3B7F033D195620D10065003A /* MHTabBarSegue.m */,
			);
			name = "BodyStat Saving/Editing";
			sourceTree = "<group>";
		};
		3B953F04194D07F900803D32 /* PNChart */ = {
			isa = PBXGroup;
			children = (
				3B953F29194D0AC300803D32 /* UICountingLabel.h */,
				3B953F2A194D0AC300803D32 /* UICountingLabel.m */,
				3B953F05194D07F900803D32 /* PNBarChart */,
				3B953F0A194D07F900803D32 /* PNChart.h */,
				3B953F0B194D07F900803D32 /* PNChartDelegate.h */,
				3B953F0C194D07F900803D32 /* PNChartLabel.h */,
				3B953F0D194D07F900803D32 /* PNChartLabel.m */,
				3B953F0E194D07F900803D32 /* PNCircleChart */,
				3B953F11194D07F900803D32 /* PNColor.h */,
				3B953F12194D07F900803D32 /* PNColor.m */,
				3B953F13194D07F900803D32 /* PNLineChart */,
				3B953F1A194D07F900803D32 /* PNPieChart */,
			);
			path = PNChart;
			sourceTree = "<group>";
		};
		3B953F05194D07F900803D32 /* PNBarChart */ = {
			isa = PBXGroup;
			children = (
				3B953F06194D07F900803D32 /* PNBar.h */,
				3B953F07194D07F900803D32 /* PNBar.m */,
				3B953F08194D07F900803D32 /* PNBarChart.h */,
				3B953F09194D07F900803D32 /* PNBarChart.m */,
			);
			path = PNBarChart;
			sourceTree = "<group>";
		};
		3B953F0E194D07F900803D32 /* PNCircleChart */ = {
			isa = PBXGroup;
			children = (
				3B953F0F194D07F900803D32 /* PNCircleChart.h */,
				3B953F10194D07F900803D32 /* PNCircleChart.m */,
			);
			path = PNCircleChart;
			sourceTree = "<group>";
		};
		3B953F13194D07F900803D32 /* PNLineChart */ = {
			isa = PBXGroup;
			children = (
				3B953F14194D07F900803D32 /* PNLineChart.h */,
				3B953F15194D07F900803D32 /* PNLineChart.m */,
				3B953F16194D07F900803D32 /* PNLineChartData.h */,
				3B953F17194D07F900803D32 /* PNLineChartData.m */,
				3B953F18194D07F900803D32 /* PNLineChartDataItem.h */,
				3B953F19194D07F900803D32 /* PNLineChartDataItem.m */,
			);
			path = PNLineChart;
			sourceTree = "<group>";
		};
		3B953F1A194D07F900803D32 /* PNPieChart */ = {
			isa = PBXGroup;
			children = (
				3B953F1B194D07F900803D32 /* PNPieChart.h */,
				3B953F1C194D07F900803D32 /* PNPieChart.m */,
				3B953F1D194D07F900803D32 /* PNPieChartDataItem.h */,
				3B953F1E194D07F900803D32 /* PNPieChartDataItem.m */,
			);
			path = PNPieChart;
			sourceTree = "<group>";
		};
		3BA58B67193715C90012DE95 /* Body Stat/logbook section */ = {
			isa = PBXGroup;
			children = (
				3BA58B7019377C800012DE95 /* BodyStatTableView Cell */,
				3B36FFA01952449800CFA225 /* Diet Plan schedule */,
				3B7F03741956DED20065003A /* BodyStat Saving/Editing */,
				3B6942441930CDA800FC4431 /* BodyStatTableViewController.h */,
				3B6942451930CDA800FC4431 /* BodyStatTableViewController.m */,
				3BA58B68193719E70012DE95 /* BSEditViewController.h */,
				3BA58B69193719E70012DE95 /* BSEditViewController.m */,
				3BA58B75193797390012DE95 /* ProgressPhotoViewController.h */,
				3BA58B76193797390012DE95 /* ProgressPhotoViewController.m */,
				3BA58B61193637270012DE95 /* BSWeeklyChangesTableViewController.h */,
				3BA58B62193637270012DE95 /* BSWeeklyChangesTableViewController.m */,
			);
			name = "Body Stat/logbook section";
			sourceTree = "<group>";
		};
		3BA58B7019377C800012DE95 /* BodyStatTableView Cell */ = {
			isa = PBXGroup;
			children = (
				3B5AFB4E1940C682007F6A3C /* BodyStatTableViewCell2.0.xib */,
				3BA58B6B19377C010012DE95 /* BodyStatTableViewCell.h */,
				3BA58B6C19377C010012DE95 /* BodyStatTableViewCell.m */,
				3BA58B7119377E3B0012DE95 /* BodyStatTableViewCell.xib */,
			);
			name = "BodyStatTableView Cell";
			sourceTree = "<group>";
		};
		3BA58B861938E17E0012DE95 /* stock images */ = {
			isa = PBXGroup;
			children = (
			);
			name = "stock images";
			sourceTree = "<group>";
		};
		3BBB30A21951987400B880CC /* Core Data Models */ = {
			isa = PBXGroup;
			children = (
				3B69421B1930C99F00FC4431 /* GymRegime.xcdatamodeld */,
				3B785092195C69ED00005AD9 /* DietPlanDay.h */,
				3B785093195C69ED00005AD9 /* DietPlanDay.m */,
				3B78508F195C69ED00005AD9 /* DietPlan.h */,
				3B785090195C69ED00005AD9 /* DietPlan.m */,
				3B78508C195C69ED00005AD9 /* DietGoal.h */,
				3B78508D195C69ED00005AD9 /* DietGoal.m */,
				3B785089195C69EC00005AD9 /* BodyStat.h */,
				3B78508A195C69EC00005AD9 /* BodyStat.m */,
				3BBB30AC19519B7E00B880CC /* DietGoal+Helper.h */,
				3BBB30AD19519B7E00B880CC /* DietGoal+Helper.m */,
				3BBB30BB1951A06900B880CC /* BodyStat+Helper.h */,
				3BBB30BC1951A06900B880CC /* BodyStat+Helper.m */,
				3B19B00C194DF1DB00D4807F /* DietPlan+Helper.h */,
				3B19B00D194DF1DB00D4807F /* DietPlan+Helper.m */,
			);
			name = "Core Data Models";
			sourceTree = "<group>";
		};
		3BEBDFE5193351670013C66C /* Models */ = {
			isa = PBXGroup;
			children = (
				3BBB30A21951987400B880CC /* Core Data Models */,
				3B953F01194C8DD000803D32 /* GoalColorScheme.h */,
				3B953F02194C8DD000803D32 /* GoalColorScheme.m */,
				3B5AFB52194218D1007F6A3C /* NSDate+Utilities.h */,
				3B5AFB53194218D1007F6A3C /* NSDate+Utilities.m */,
				3BC4F9E41943A80200BCEBF8 /* CoreDataHelper.h */,
				3BC4F9E51943A80200BCEBF8 /* CoreDataHelper.m */,
				3BABCB7B19327CEE00465719 /* CalorieCalculator.h */,
				3BABCB7C19327CEE00465719 /* CalorieCalculator.m */,
			);
			name = Models;
			sourceTree = "<group>";
		};
		3BFB1C20194492A60066AAEB /* Settings Section */ = {
			isa = PBXGroup;
			children = (
				3B953EF7194AF2E600803D32 /* MainSettingsTableViewController.h */,
				3B953EF8194AF2E600803D32 /* MainSettingsTableViewController.m */,
				3BFB1C2119449C2E0066AAEB /* CalorieSettingsTableViewController.h */,
				3BFB1C2219449C2E0066AAEB /* CalorieSettingsTableViewController.m */,
			);
			name = "Settings Section";
			sourceTree = "<group>";
		};
/* End PBXGroup section */

/* Begin PBXNativeTarget section */
		3B6942031930C99F00FC4431 /* GymRegime */ = {
			isa = PBXNativeTarget;
			buildConfigurationList = 3B6942361930C99F00FC4431 /* Build configuration list for PBXNativeTarget "GymRegime" */;
			buildPhases = (
				3B6942001930C99F00FC4431 /* Sources */,
				3B6942011930C99F00FC4431 /* Frameworks */,
				3B6942021930C99F00FC4431 /* Resources */,
			);
			buildRules = (
			);
			dependencies = (
			);
			name = GymRegime;
			productName = GymRegime;
			productReference = 3B6942041930C99F00FC4431 /* GymRegime.app */;
			productType = "com.apple.product-type.application";
		};
		3B6942231930C99F00FC4431 /* GymRegimeTests */ = {
			isa = PBXNativeTarget;
			buildConfigurationList = 3B6942391930C99F00FC4431 /* Build configuration list for PBXNativeTarget "GymRegimeTests" */;
			buildPhases = (
				C75B8F88342942749EDDA625 /* Check Pods Manifest.lock */,
				3B6942201930C99F00FC4431 /* Sources */,
				3B6942211930C99F00FC4431 /* Frameworks */,
				3B6942221930C99F00FC4431 /* Resources */,
				F07B25E76E0941B5AE493C47 /* Copy Pods Resources */,
			);
			buildRules = (
			);
			dependencies = (
				3B69422B1930C99F00FC4431 /* PBXTargetDependency */,
			);
			name = GymRegimeTests;
			productName = GymRegimeTests;
			productReference = 3B6942241930C99F00FC4431 /* GymRegimeTests.xctest */;
			productType = "com.apple.product-type.bundle.unit-test";
		};
/* End PBXNativeTarget section */

/* Begin PBXProject section */
		3B6941FC1930C99F00FC4431 /* Project object */ = {
			isa = PBXProject;
			attributes = {
				LastUpgradeCheck = 0510;
				ORGANIZATIONNAME = Kim;
				TargetAttributes = {
					3B6942231930C99F00FC4431 = {
						TestTargetID = 3B6942031930C99F00FC4431;
					};
				};
			};
			buildConfigurationList = 3B6941FF1930C99F00FC4431 /* Build configuration list for PBXProject "GymRegime" */;
			compatibilityVersion = "Xcode 3.2";
			developmentRegion = English;
			hasScannedForEncodings = 0;
			knownRegions = (
				en,
			);
			mainGroup = 3B6941FB1930C99F00FC4431;
			productRefGroup = 3B6942051930C99F00FC4431 /* Products */;
			projectDirPath = "";
			projectRoot = "";
			targets = (
				3B6942031930C99F00FC4431 /* GymRegime */,
				3B6942231930C99F00FC4431 /* GymRegimeTests */,
			);
		};
/* End PBXProject section */

/* Begin PBXResourcesBuildPhase section */
		3B6942021930C99F00FC4431 /* Resources */ = {
			isa = PBXResourcesBuildPhase;
			buildActionMask = 2147483647;
			files = (
				3B4FAADC193F7D3F0059D9C8 /* bannerFailure@2x.png in Resources */,
				3B4FAAE0193F7D3F0059D9C8 /* bannerSuccess@2x.png in Resources */,
				3B6942141930C99F00FC4431 /* InfoPlist.strings in Resources */,
				3B5AFB511940FF65007F6A3C /* DietPlanDayTableViewCell.xib in Resources */,
				3B36FF9D1952415000CFA225 /* DailyScheduleView.xib in Resources */,
				3B4FAADB193F7D3F0059D9C8 /* bannerFailure.png in Resources */,
				3B69423D1930C9CB00FC4431 /* main.storyboard in Resources */,
				3B4FAADE193F7D3F0059D9C8 /* bannerNotify@2x.png in Resources */,
				3B785096195C6FEC00005AD9 /* measuringTape.png in Resources */,
				3B13B03A1950B99B005EE14B /* GoalTableViewCell.xib in Resources */,
				3B4FAADF193F7D3F0059D9C8 /* bannerSuccess.png in Resources */,
				3B4FAAD9193F7D3F0059D9C8 /* bannerAlert.png in Resources */,
				3B5AFB4F1940C682007F6A3C /* BodyStatTableViewCell2.0.xib in Resources */,
				3B36FF9F1952425000CFA225 /* close-button.png in Resources */,
				3B4FAADD193F7D3F0059D9C8 /* bannerNotify.png in Resources */,
				3B78509B195CA08B00005AD9 /* Images.xcassets in Resources */,
				3B376B711954DA38005D213F /* GoalProgressTableViewCell.xib in Resources */,
				3BA58B7219377E3B0012DE95 /* BodyStatTableViewCell.xib in Resources */,
				3B4FAADA193F7D3F0059D9C8 /* bannerAlert@2x.png in Resources */,
			);
			runOnlyForDeploymentPostprocessing = 0;
		};
		3B6942221930C99F00FC4431 /* Resources */ = {
			isa = PBXResourcesBuildPhase;
			buildActionMask = 2147483647;
			files = (
				3B6942311930C99F00FC4431 /* InfoPlist.strings in Resources */,
			);
			runOnlyForDeploymentPostprocessing = 0;
		};
/* End PBXResourcesBuildPhase section */

/* Begin PBXShellScriptBuildPhase section */
		C75B8F88342942749EDDA625 /* Check Pods Manifest.lock */ = {
			isa = PBXShellScriptBuildPhase;
			buildActionMask = 2147483647;
			files = (
			);
			inputPaths = (
			);
			name = "Check Pods Manifest.lock";
			outputPaths = (
			);
			runOnlyForDeploymentPostprocessing = 0;
			shellPath = /bin/sh;
			shellScript = "diff \"${PODS_ROOT}/../Podfile.lock\" \"${PODS_ROOT}/Manifest.lock\" > /dev/null\nif [[ $? != 0 ]] ; then\n    cat << EOM\nerror: The sandbox is not in sync with the Podfile.lock. Run 'pod install' or update your CocoaPods installation.\nEOM\n    exit 1\nfi\n";
			showEnvVarsInLog = 0;
		};
		F07B25E76E0941B5AE493C47 /* Copy Pods Resources */ = {
			isa = PBXShellScriptBuildPhase;
			buildActionMask = 2147483647;
			files = (
			);
			inputPaths = (
			);
			name = "Copy Pods Resources";
			outputPaths = (
			);
			runOnlyForDeploymentPostprocessing = 0;
			shellPath = /bin/sh;
			shellScript = "\"${SRCROOT}/Pods/Pods-GymRegimeTests-resources.sh\"\n";
			showEnvVarsInLog = 0;
		};
/* End PBXShellScriptBuildPhase section */

/* Begin PBXSourcesBuildPhase section */
		3B6942001930C99F00FC4431 /* Sources */ = {
			isa = PBXSourcesBuildPhase;
			buildActionMask = 2147483647;
			files = (
				3B7C0710193B0BBE0008DE46 /* DietPlanDayViewController.m in Sources */,
				3B13B02B195035A9005EE14B /* GoalSettingViewController.m in Sources */,
				3B785094195C69ED00005AD9 /* DietPlanDay.m in Sources */,
				3BEBDFE41933515A0013C66C /* BSProfileViewController.m in Sources */,
				3B953EF9194AF2E600803D32 /* MainSettingsTableViewController.m in Sources */,
				3B69421A1930C99F00FC4431 /* AppDelegate.m in Sources */,
				3B4FAAD8193F7D3F0059D9C8 /* ALAlertBannerManager.m in Sources */,
				3B785099195C85B000005AD9 /* DLPieChart.m in Sources */,
				3B488D92194E3CCC0030FCC2 /* DIetPlanTableViewController.m in Sources */,
				3BA58B63193637270012DE95 /* BSWeeklyChangesTableViewController.m in Sources */,
				3B9A42361930E72600B9A2B5 /* CoreTableViewController.m in Sources */,
				3B7F033E195620D10065003A /* BSInputMainTabBarController.m in Sources */,
				3B7F033319557ABA0065003A /* GoalProgressViewController.m in Sources */,
				3B6942161930C99F00FC4431 /* main.m in Sources */,
				3BA58B6D19377C010012DE95 /* BodyStatTableViewCell.m in Sources */,
				3B953F24194D07F900803D32 /* PNLineChart.m in Sources */,
				3B7F033F195620D10065003A /* MHTabBarSegue.m in Sources */,
				3B13B02819502F94005EE14B /* DPGoalsTableViewController.m in Sources */,
				3B6942461930CDA800FC4431 /* BodyStatTableViewController.m in Sources */,
				3B785091195C69ED00005AD9 /* DietPlan.m in Sources */,
				3BABCB7D19327CEE00465719 /* CalorieCalculator.m in Sources */,
				3B953F28194D07F900803D32 /* PNPieChartDataItem.m in Sources */,
				3BA58B6A193719E70012DE95 /* BSEditViewController.m in Sources */,
				3B953F2B194D0AC300803D32 /* UICountingLabel.m in Sources */,
				3B953F23194D07F900803D32 /* PNColor.m in Sources */,
				3B953F25194D07F900803D32 /* PNLineChartData.m in Sources */,
				3B953F27194D07F900803D32 /* PNPieChart.m in Sources */,
				3B9ABBEF194E0B8F002F6EFF /* DietPlannerMenuTableViewController.m in Sources */,
				3B19B00E194DF1DB00D4807F /* DietPlan+Helper.m in Sources */,
				3B69421D1930C99F00FC4431 /* GymRegime.xcdatamodeld in Sources */,
				3B953F20194D07F900803D32 /* PNBarChart.m in Sources */,
				3B6942401930CD8800FC4431 /* CoreViewController.m in Sources */,
				3B953F03194C8DD000803D32 /* GoalColorScheme.m in Sources */,
				3BDEA499195713B500594CEE /* BSInputMeasurementContainerViewController.m in Sources */,
				3B376B741954DB4B005D213F /* GoalProgressTableViewCell.m in Sources */,
				3BABCB7A19327CB600465719 /* BSStatisticsTableViewController.m in Sources */,
				3B953F26194D07F900803D32 /* PNLineChartDataItem.m in Sources */,
				3BA58B77193797390012DE95 /* ProgressPhotoViewController.m in Sources */,
				3BFB1C2319449C2E0066AAEB /* CalorieSettingsTableViewController.m in Sources */,
				3B953F21194D07F900803D32 /* PNChartLabel.m in Sources */,
				3B78508E195C69ED00005AD9 /* DietGoal.m in Sources */,
				3B4FAAD7193F7D3F0059D9C8 /* ALAlertBanner.m in Sources */,
				3BBB30AE19519B7E00B880CC /* DietGoal+Helper.m in Sources */,
				3B13B03D1950B9FD005EE14B /* GoalTableViewCell.m in Sources */,
				3B7C0720193B34D50008DE46 /* DietPlanDayTableViewCell.m in Sources */,
				3BBB30BD1951A06900B880CC /* BodyStat+Helper.m in Sources */,
				3B7C0724193C7AF50008DE46 /* DietPlanDaysTableViewController.m in Sources */,
				3B953F1F194D07F900803D32 /* PNBar.m in Sources */,
				3B7F037D1956DF3B0065003A /* BSInputMacroViewController.m in Sources */,
				3B5AFB54194218D1007F6A3C /* NSDate+Utilities.m in Sources */,
				3B36FFA3195244CF00CFA225 /* DailyScheduleView.m in Sources */,
				3BC4F9E61943A80200BCEBF8 /* CoreDataHelper.m in Sources */,
				3B953F22194D07F900803D32 /* PNCircleChart.m in Sources */,
				3BDEA4901956E6A300594CEE /* BSInputMeasurementTableViewController.m in Sources */,
				3B7F03771956DF240065003A /* BSInputMainViewController.m in Sources */,
				3B78508B195C69EC00005AD9 /* BodyStat.m in Sources */,
			);
			runOnlyForDeploymentPostprocessing = 0;
		};
		3B6942201930C99F00FC4431 /* Sources */ = {
			isa = PBXSourcesBuildPhase;
			buildActionMask = 2147483647;
			files = (
				3B6942331930C99F00FC4431 /* GymRegimeTests.m in Sources */,
			);
			runOnlyForDeploymentPostprocessing = 0;
		};
/* End PBXSourcesBuildPhase section */

/* Begin PBXTargetDependency section */
		3B69422B1930C99F00FC4431 /* PBXTargetDependency */ = {
			isa = PBXTargetDependency;
			target = 3B6942031930C99F00FC4431 /* GymRegime */;
			targetProxy = 3B69422A1930C99F00FC4431 /* PBXContainerItemProxy */;
		};
/* End PBXTargetDependency section */

/* Begin PBXVariantGroup section */
		3B6942121930C99F00FC4431 /* InfoPlist.strings */ = {
			isa = PBXVariantGroup;
			children = (
				3B6942131930C99F00FC4431 /* en */,
			);
			name = InfoPlist.strings;
			sourceTree = "<group>";
		};
		3B69422F1930C99F00FC4431 /* InfoPlist.strings */ = {
			isa = PBXVariantGroup;
			children = (
				3B6942301930C99F00FC4431 /* en */,
			);
			name = InfoPlist.strings;
			sourceTree = "<group>";
		};
/* End PBXVariantGroup section */

/* Begin XCBuildConfiguration section */
		3B6942341930C99F00FC4431 /* Debug */ = {
			isa = XCBuildConfiguration;
			buildSettings = {
				ALWAYS_SEARCH_USER_PATHS = NO;
				CLANG_CXX_LANGUAGE_STANDARD = "gnu++0x";
				CLANG_CXX_LIBRARY = "libc++";
				CLANG_ENABLE_MODULES = YES;
				CLANG_ENABLE_OBJC_ARC = YES;
				CLANG_WARN_BOOL_CONVERSION = YES;
				CLANG_WARN_CONSTANT_CONVERSION = YES;
				CLANG_WARN_DIRECT_OBJC_ISA_USAGE = YES_ERROR;
				CLANG_WARN_EMPTY_BODY = YES;
				CLANG_WARN_ENUM_CONVERSION = YES;
				CLANG_WARN_INT_CONVERSION = YES;
				CLANG_WARN_OBJC_ROOT_CLASS = YES_ERROR;
				CLANG_WARN__DUPLICATE_METHOD_MATCH = YES;
				"CODE_SIGN_IDENTITY[sdk=iphoneos*]" = "iPhone Developer";
				COPY_PHASE_STRIP = NO;
				GCC_C_LANGUAGE_STANDARD = gnu99;
				GCC_DYNAMIC_NO_PIC = NO;
				GCC_OPTIMIZATION_LEVEL = 0;
				GCC_PREPROCESSOR_DEFINITIONS = (
					"DEBUG=1",
					"$(inherited)",
				);
				GCC_SYMBOLS_PRIVATE_EXTERN = NO;
				GCC_WARN_64_TO_32_BIT_CONVERSION = YES;
				GCC_WARN_ABOUT_RETURN_TYPE = YES_ERROR;
				GCC_WARN_UNDECLARED_SELECTOR = YES;
				GCC_WARN_UNINITIALIZED_AUTOS = YES_AGGRESSIVE;
				GCC_WARN_UNUSED_FUNCTION = YES;
				GCC_WARN_UNUSED_VARIABLE = YES;
				IPHONEOS_DEPLOYMENT_TARGET = 7.1;
				ONLY_ACTIVE_ARCH = YES;
				SDKROOT = iphoneos;
			};
			name = Debug;
		};
		3B6942351930C99F00FC4431 /* Release */ = {
			isa = XCBuildConfiguration;
			buildSettings = {
				ALWAYS_SEARCH_USER_PATHS = NO;
				CLANG_CXX_LANGUAGE_STANDARD = "gnu++0x";
				CLANG_CXX_LIBRARY = "libc++";
				CLANG_ENABLE_MODULES = YES;
				CLANG_ENABLE_OBJC_ARC = YES;
				CLANG_WARN_BOOL_CONVERSION = YES;
				CLANG_WARN_CONSTANT_CONVERSION = YES;
				CLANG_WARN_DIRECT_OBJC_ISA_USAGE = YES_ERROR;
				CLANG_WARN_EMPTY_BODY = YES;
				CLANG_WARN_ENUM_CONVERSION = YES;
				CLANG_WARN_INT_CONVERSION = YES;
				CLANG_WARN_OBJC_ROOT_CLASS = YES_ERROR;
				CLANG_WARN__DUPLICATE_METHOD_MATCH = YES;
				"CODE_SIGN_IDENTITY[sdk=iphoneos*]" = "iPhone Developer";
				COPY_PHASE_STRIP = YES;
				ENABLE_NS_ASSERTIONS = NO;
				GCC_C_LANGUAGE_STANDARD = gnu99;
				GCC_WARN_64_TO_32_BIT_CONVERSION = YES;
				GCC_WARN_ABOUT_RETURN_TYPE = YES_ERROR;
				GCC_WARN_UNDECLARED_SELECTOR = YES;
				GCC_WARN_UNINITIALIZED_AUTOS = YES_AGGRESSIVE;
				GCC_WARN_UNUSED_FUNCTION = YES;
				GCC_WARN_UNUSED_VARIABLE = YES;
				IPHONEOS_DEPLOYMENT_TARGET = 7.1;
				SDKROOT = iphoneos;
				VALIDATE_PRODUCT = YES;
			};
			name = Release;
		};
		3B6942371930C99F00FC4431 /* Debug */ = {
			isa = XCBuildConfiguration;
			buildSettings = {
				ASSETCATALOG_COMPILER_APPICON_NAME = AppIcon;
				ASSETCATALOG_COMPILER_LAUNCHIMAGE_NAME = "LaunchImage-2";
				CLANG_ENABLE_MODULES = YES;
				GCC_PRECOMPILE_PREFIX_HEADER = YES;
				GCC_PREFIX_HEADER = "GymRegime/GymRegime-Prefix.pch";
				INFOPLIST_FILE = "GymRegime/GymRegime-Info.plist";
				LD_RUNPATH_SEARCH_PATHS = "$(inherited) @executable_path/Frameworks";
				LIBRARY_SEARCH_PATHS = (
					"$(inherited)",
					"$(PROJECT_DIR)",
					/Users/kim/Downloads/CorePlot_1.4/Binaries/iOS,
				);
				OTHER_LDFLAGS = "";
				PRODUCT_NAME = "$(TARGET_NAME)";
				SWIFT_OBJC_BRIDGING_HEADER = "GymRegime/GymRegime-Bridging-Header.h";
				SWIFT_OPTIMIZATION_LEVEL = "-Onone";
				WRAPPER_EXTENSION = app;
			};
			name = Debug;
		};
		3B6942381930C99F00FC4431 /* Release */ = {
			isa = XCBuildConfiguration;
			buildSettings = {
				ASSETCATALOG_COMPILER_APPICON_NAME = AppIcon;
				ASSETCATALOG_COMPILER_LAUNCHIMAGE_NAME = "LaunchImage-2";
				CLANG_ENABLE_MODULES = YES;
				GCC_PRECOMPILE_PREFIX_HEADER = YES;
				GCC_PREFIX_HEADER = "GymRegime/GymRegime-Prefix.pch";
				INFOPLIST_FILE = "GymRegime/GymRegime-Info.plist";
				LD_RUNPATH_SEARCH_PATHS = "$(inherited) @executable_path/Frameworks";
				LIBRARY_SEARCH_PATHS = (
					"$(inherited)",
					"$(PROJECT_DIR)",
					/Users/kim/Downloads/CorePlot_1.4/Binaries/iOS,
				);
				OTHER_LDFLAGS = "";
				PRODUCT_NAME = "$(TARGET_NAME)";
				SWIFT_OBJC_BRIDGING_HEADER = "GymRegime/GymRegime-Bridging-Header.h";
				WRAPPER_EXTENSION = app;
			};
			name = Release;
		};
		3B69423A1930C99F00FC4431 /* Debug */ = {
			isa = XCBuildConfiguration;
			buildSettings = {
				BUNDLE_LOADER = "$(BUILT_PRODUCTS_DIR)/GymRegime.app/GymRegime";
				FRAMEWORK_SEARCH_PATHS = (
					"$(SDKROOT)/Developer/Library/Frameworks",
					"$(inherited)",
					"$(DEVELOPER_FRAMEWORKS_DIR)",
				);
				GCC_PRECOMPILE_PREFIX_HEADER = YES;
				GCC_PREFIX_HEADER = "GymRegime/GymRegime-Prefix.pch";
				GCC_PREPROCESSOR_DEFINITIONS = (
					"DEBUG=1",
					"$(inherited)",
				);
				INFOPLIST_FILE = "GymRegimeTests/GymRegimeTests-Info.plist";
				PRODUCT_NAME = "$(TARGET_NAME)";
				TEST_HOST = "$(BUNDLE_LOADER)";
				WRAPPER_EXTENSION = xctest;
			};
			name = Debug;
		};
		3B69423B1930C99F00FC4431 /* Release */ = {
			isa = XCBuildConfiguration;
			buildSettings = {
				BUNDLE_LOADER = "$(BUILT_PRODUCTS_DIR)/GymRegime.app/GymRegime";
				FRAMEWORK_SEARCH_PATHS = (
					"$(SDKROOT)/Developer/Library/Frameworks",
					"$(inherited)",
					"$(DEVELOPER_FRAMEWORKS_DIR)",
				);
				GCC_PRECOMPILE_PREFIX_HEADER = YES;
				GCC_PREFIX_HEADER = "GymRegime/GymRegime-Prefix.pch";
				INFOPLIST_FILE = "GymRegimeTests/GymRegimeTests-Info.plist";
				PRODUCT_NAME = "$(TARGET_NAME)";
				TEST_HOST = "$(BUNDLE_LOADER)";
				WRAPPER_EXTENSION = xctest;
			};
			name = Release;
		};
/* End XCBuildConfiguration section */

/* Begin XCConfigurationList section */
		3B6941FF1930C99F00FC4431 /* Build configuration list for PBXProject "GymRegime" */ = {
			isa = XCConfigurationList;
			buildConfigurations = (
				3B6942341930C99F00FC4431 /* Debug */,
				3B6942351930C99F00FC4431 /* Release */,
			);
			defaultConfigurationIsVisible = 0;
			defaultConfigurationName = Release;
		};
		3B6942361930C99F00FC4431 /* Build configuration list for PBXNativeTarget "GymRegime" */ = {
			isa = XCConfigurationList;
			buildConfigurations = (
				3B6942371930C99F00FC4431 /* Debug */,
				3B6942381930C99F00FC4431 /* Release */,
			);
			defaultConfigurationIsVisible = 0;
			defaultConfigurationName = Release;
		};
		3B6942391930C99F00FC4431 /* Build configuration list for PBXNativeTarget "GymRegimeTests" */ = {
			isa = XCConfigurationList;
			buildConfigurations = (
				3B69423A1930C99F00FC4431 /* Debug */,
				3B69423B1930C99F00FC4431 /* Release */,
			);
			defaultConfigurationIsVisible = 0;
			defaultConfigurationName = Release;
		};
/* End XCConfigurationList section */

/* Begin XCVersionGroup section */
		3B69421B1930C99F00FC4431 /* GymRegime.xcdatamodeld */ = {
			isa = XCVersionGroup;
			children = (
				3B69421C1930C99F00FC4431 /* GymRegime.xcdatamodel */,
			);
			currentVersion = 3B69421C1930C99F00FC4431 /* GymRegime.xcdatamodel */;
			path = GymRegime.xcdatamodeld;
			sourceTree = "<group>";
			versionGroupType = wrapper.xcdatamodel;
		};
/* End XCVersionGroup section */
	};
	rootObject = 3B6941FC1930C99F00FC4431 /* Project object */;
}
